// !$*UTF8*$!
{
	archiveVersion = 1;
	classes = {
	};
	objectVersion = 77;
	objects = {

/* Begin PBXBuildFile section */
		16BF0B4C341F9E1CFB20A473 /* Pods_Memo.framework in Frameworks */ = {isa = PBXBuildFile; fileRef = D588A286440AA4335CE774DC /* Pods_Memo.framework */; };
		28DD4E669E02EFDC1142675E /* MLXLMCommon in Frameworks */ = {isa = PBXBuildFile; productRef = C54F3FA94484FE962B11F598 /* MLXLMCommon */; };
		B30BC520482E91FD598CD55B /* Pods_MemoUITests.framework in Frameworks */ = {isa = PBXBuildFile; fileRef = 6254ADB2B66335A4D0159A90 /* Pods_MemoUITests.framework */; };
		BF9D135EF1C6B445CE004A15 /* MLXVLM in Frameworks */ = {isa = PBXBuildFile; productRef = 924BA479EDA7246571299F58 /* MLXVLM */; };
		E03B298D38F9EDFB16A72092 /* Pods_MemoTests.framework in Frameworks */ = {isa = PBXBuildFile; fileRef = 73858EDA501917A5DB34830C /* Pods_MemoTests.framework */; };
/* End PBXBuildFile section */

/* Begin PBXContainerItemProxy section */
		D41AB9B82F654E910088038E /* PBXContainerItemProxy */ = {
			isa = PBXContainerItemProxy;
			containerPortal = D41AB9992F654E900088038E /* Project object */;
			proxyType = 1;
			remoteGlobalIDString = D41AB9A02F654E900088038E;
			remoteInfo = Memo;
		};
		D41AB9C22F654E910088038E /* PBXContainerItemProxy */ = {
			isa = PBXContainerItemProxy;
			containerPortal = D41AB9992F654E900088038E /* Project object */;
			proxyType = 1;
			remoteGlobalIDString = D41AB9A02F654E900088038E;
			remoteInfo = Memo;
		};
/* End PBXContainerItemProxy section */

/* Begin PBXFileReference section */
		0D30DCF47E3B6A96AC66086A /* Pods-MemoUITests.release.xcconfig */ = {isa = PBXFileReference; includeInIndex = 1; lastKnownFileType = text.xcconfig; name = "Pods-MemoUITests.release.xcconfig"; path = "Target Support Files/Pods-MemoUITests/Pods-MemoUITests.release.xcconfig"; sourceTree = "<group>"; };
		2CB8D8FA784A1E99E3E70626 /* Pods-Memo.debug.xcconfig */ = {isa = PBXFileReference; includeInIndex = 1; lastKnownFileType = text.xcconfig; name = "Pods-Memo.debug.xcconfig"; path = "Target Support Files/Pods-Memo/Pods-Memo.debug.xcconfig"; sourceTree = "<group>"; };
		41B21AB71A2648C86319137A /* Pods-Memo.release.xcconfig */ = {isa = PBXFileReference; includeInIndex = 1; lastKnownFileType = text.xcconfig; name = "Pods-Memo.release.xcconfig"; path = "Target Support Files/Pods-Memo/Pods-Memo.release.xcconfig"; sourceTree = "<group>"; };
		6254ADB2B66335A4D0159A90 /* Pods_MemoUITests.framework */ = {isa = PBXFileReference; explicitFileType = wrapper.framework; includeInIndex = 0; path = Pods_MemoUITests.framework; sourceTree = BUILT_PRODUCTS_DIR; };
		73858EDA501917A5DB34830C /* Pods_MemoTests.framework */ = {isa = PBXFileReference; explicitFileType = wrapper.framework; includeInIndex = 0; path = Pods_MemoTests.framework; sourceTree = BUILT_PRODUCTS_DIR; };
		7D034886B413E336B88012CF /* Pods-MemoTests.debug.xcconfig */ = {isa = PBXFileReference; includeInIndex = 1; lastKnownFileType = text.xcconfig; name = "Pods-MemoTests.debug.xcconfig"; path = "Target Support Files/Pods-MemoTests/Pods-MemoTests.debug.xcconfig"; sourceTree = "<group>"; };
		8ACB2D24F77457F748101EAC /* Pods-MemoUITests.debug.xcconfig */ = {isa = PBXFileReference; includeInIndex = 1; lastKnownFileType = text.xcconfig; name = "Pods-MemoUITests.debug.xcconfig"; path = "Target Support Files/Pods-MemoUITests/Pods-MemoUITests.debug.xcconfig"; sourceTree = "<group>"; };
		D41AB9A12F654E900088038E /* Memo.app */ = {isa = PBXFileReference; explicitFileType = wrapper.application; includeInIndex = 0; path = Memo.app; sourceTree = BUILT_PRODUCTS_DIR; };
		D41AB9B72F654E910088038E /* MemoTests.xctest */ = {isa = PBXFileReference; explicitFileType = wrapper.cfbundle; includeInIndex = 0; path = MemoTests.xctest; sourceTree = BUILT_PRODUCTS_DIR; };
		D41AB9C12F654E910088038E /* MemoUITests.xctest */ = {isa = PBXFileReference; explicitFileType = wrapper.cfbundle; includeInIndex = 0; path = MemoUITests.xctest; sourceTree = BUILT_PRODUCTS_DIR; };
		D588A286440AA4335CE774DC /* Pods_Memo.framework */ = {isa = PBXFileReference; explicitFileType = wrapper.framework; includeInIndex = 0; path = Pods_Memo.framework; sourceTree = BUILT_PRODUCTS_DIR; };
		DC90DADB4827F6847AE274AA /* Pods-MemoTests.release.xcconfig */ = {isa = PBXFileReference; includeInIndex = 1; lastKnownFileType = text.xcconfig; name = "Pods-MemoTests.release.xcconfig"; path = "Target Support Files/Pods-MemoTests/Pods-MemoTests.release.xcconfig"; sourceTree = "<group>"; };
/* End PBXFileReference section */

/* Begin PBXFileSystemSynchronizedBuildFileExceptionSet section */
		D41AB9C92F654E910088038E /* Exceptions for "Memo" folder in "Memo" target */ = {
			isa = PBXFileSystemSynchronizedBuildFileExceptionSet;
			membershipExceptions = (
				Info.plist,
			);
			target = D41AB9A02F654E900088038E /* Memo */;
		};
/* End PBXFileSystemSynchronizedBuildFileExceptionSet section */

/* Begin PBXFileSystemSynchronizedRootGroup section */
		D41AB9A32F654E900088038E /* Memo */ = {
			isa = PBXFileSystemSynchronizedRootGroup;
			exceptions = (
				D41AB9C92F654E910088038E /* Exceptions for "Memo" folder in "Memo" target */,
			);
			path = Memo;
			sourceTree = "<group>";
		};
		D41AB9BA2F654E910088038E /* MemoTests */ = {
			isa = PBXFileSystemSynchronizedRootGroup;
			path = MemoTests;
			sourceTree = "<group>";
		};
		D41AB9C42F654E910088038E /* MemoUITests */ = {
			isa = PBXFileSystemSynchronizedRootGroup;
			path = MemoUITests;
			sourceTree = "<group>";
		};
/* End PBXFileSystemSynchronizedRootGroup section */

/* Begin PBXFrameworksBuildPhase section */
		D41AB99E2F654E900088038E /* Frameworks */ = {
			isa = PBXFrameworksBuildPhase;
			buildActionMask = 2147483647;
			files = (
				16BF0B4C341F9E1CFB20A473 /* Pods_Memo.framework in Frameworks */,
				28DD4E669E02EFDC1142675E /* MLXLMCommon in Frameworks */,
				BF9D135EF1C6B445CE004A15 /* MLXVLM in Frameworks */,
			);
			runOnlyForDeploymentPostprocessing = 0;
		};
		D41AB9B42F654E910088038E /* Frameworks */ = {
			isa = PBXFrameworksBuildPhase;
			buildActionMask = 2147483647;
			files = (
				E03B298D38F9EDFB16A72092 /* Pods_MemoTests.framework in Frameworks */,
			);
			runOnlyForDeploymentPostprocessing = 0;
		};
		D41AB9BE2F654E910088038E /* Frameworks */ = {
			isa = PBXFrameworksBuildPhase;
			buildActionMask = 2147483647;
			files = (
				B30BC520482E91FD598CD55B /* Pods_MemoUITests.framework in Frameworks */,
			);
			runOnlyForDeploymentPostprocessing = 0;
		};
/* End PBXFrameworksBuildPhase section */

/* Begin PBXGroup section */
		26D3876D8DF6390B344E9BBA /* Pods */ = {
			isa = PBXGroup;
			children = (
				2CB8D8FA784A1E99E3E70626 /* Pods-Memo.debug.xcconfig */,
				41B21AB71A2648C86319137A /* Pods-Memo.release.xcconfig */,
				7D034886B413E336B88012CF /* Pods-MemoTests.debug.xcconfig */,
				DC90DADB4827F6847AE274AA /* Pods-MemoTests.release.xcconfig */,
				8ACB2D24F77457F748101EAC /* Pods-MemoUITests.debug.xcconfig */,
				0D30DCF47E3B6A96AC66086A /* Pods-MemoUITests.release.xcconfig */,
			);
			path = Pods;
			sourceTree = "<group>";
		};
		64F091DC5240F255A2184D34 /* Frameworks */ = {
			isa = PBXGroup;
			children = (
				D588A286440AA4335CE774DC /* Pods_Memo.framework */,
				73858EDA501917A5DB34830C /* Pods_MemoTests.framework */,
				6254ADB2B66335A4D0159A90 /* Pods_MemoUITests.framework */,
			);
			name = Frameworks;
			sourceTree = "<group>";
		};
		D41AB9982F654E900088038E = {
			isa = PBXGroup;
			children = (
				D41AB9A32F654E900088038E /* Memo */,
				D41AB9BA2F654E910088038E /* MemoTests */,
				D41AB9C42F654E910088038E /* MemoUITests */,
				D41AB9A22F654E900088038E /* Products */,
				26D3876D8DF6390B344E9BBA /* Pods */,
				64F091DC5240F255A2184D34 /* Frameworks */,
			);
			sourceTree = "<group>";
		};
		D41AB9A22F654E900088038E /* Products */ = {
			isa = PBXGroup;
			children = (
				D41AB9A12F654E900088038E /* Memo.app */,
				D41AB9B72F654E910088038E /* MemoTests.xctest */,
				D41AB9C12F654E910088038E /* MemoUITests.xctest */,
			);
			name = Products;
			sourceTree = "<group>";
		};
/* End PBXGroup section */

/* Begin PBXNativeTarget section */
		D41AB9A02F654E900088038E /* Memo */ = {
			isa = PBXNativeTarget;
			buildConfigurationList = D41AB9CA2F654E910088038E /* Build configuration list for PBXNativeTarget "Memo" */;
			buildPhases = (
				B59DC1D7DFE42C0F119365F5 /* [CP] Check Pods Manifest.lock */,
				D41AB99D2F654E900088038E /* Sources */,
				D41AB99E2F654E900088038E /* Frameworks */,
				D41AB99F2F654E900088038E /* Resources */,
				6DC755155CF50A0BDB1589B9 /* [CP] Copy Pods Resources */,
			);
			buildRules = (
			);
			dependencies = (
			);
			fileSystemSynchronizedGroups = (
				D41AB9A32F654E900088038E /* Memo */,
			);
			name = Memo;
			packageProductDependencies = (
				C54F3FA94484FE962B11F598 /* MLXLMCommon */,
				924BA479EDA7246571299F58 /* MLXVLM */,
			);
			productName = Memo;
			productReference = D41AB9A12F654E900088038E /* Memo.app */;
			productType = "com.apple.product-type.application";
		};
		D41AB9B62F654E910088038E /* MemoTests */ = {
			isa = PBXNativeTarget;
			buildConfigurationList = D41AB9CF2F654E910088038E /* Build configuration list for PBXNativeTarget "MemoTests" */;
			buildPhases = (
				A5CD3ECC231B390FA4272123 /* [CP] Check Pods Manifest.lock */,
				D41AB9B32F654E910088038E /* Sources */,
				D41AB9B42F654E910088038E /* Frameworks */,
				D41AB9B52F654E910088038E /* Resources */,
			);
			buildRules = (
			);
			dependencies = (
				D41AB9B92F654E910088038E /* PBXTargetDependency */,
			);
			fileSystemSynchronizedGroups = (
				D41AB9BA2F654E910088038E /* MemoTests */,
			);
			name = MemoTests;
			productName = MemoTests;
			productReference = D41AB9B72F654E910088038E /* MemoTests.xctest */;
			productType = "com.apple.product-type.bundle.unit-test";
		};
		D41AB9C02F654E910088038E /* MemoUITests */ = {
			isa = PBXNativeTarget;
			buildConfigurationList = D41AB9D22F654E910088038E /* Build configuration list for PBXNativeTarget "MemoUITests" */;
			buildPhases = (
				60EA7A6FFAF66E900FBEB854 /* [CP] Check Pods Manifest.lock */,
				D41AB9BD2F654E910088038E /* Sources */,
				D41AB9BE2F654E910088038E /* Frameworks */,
				D41AB9BF2F654E910088038E /* Resources */,
			);
			buildRules = (
			);
			dependencies = (
				D41AB9C32F654E910088038E /* PBXTargetDependency */,
			);
			fileSystemSynchronizedGroups = (
				D41AB9C42F654E910088038E /* MemoUITests */,
			);
			name = MemoUITests;
			productName = MemoUITests;
			productReference = D41AB9C12F654E910088038E /* MemoUITests.xctest */;
			productType = "com.apple.product-type.bundle.ui-testing";
		};
/* End PBXNativeTarget section */

/* Begin PBXProject section */
		D41AB9992F654E900088038E /* Project object */ = {
			isa = PBXProject;
			attributes = {
				BuildIndependentTargetsInParallel = 1;
				LastSwiftUpdateCheck = 1620;
				LastUpgradeCheck = 1620;
				TargetAttributes = {
					D41AB9A02F654E900088038E = {
						CreatedOnToolsVersion = 16.2;
					};
					D41AB9B62F654E910088038E = {
						CreatedOnToolsVersion = 16.2;
						TestTargetID = D41AB9A02F654E900088038E;
					};
					D41AB9C02F654E910088038E = {
						CreatedOnToolsVersion = 16.2;
						TestTargetID = D41AB9A02F654E900088038E;
					};
				};
			};
			buildConfigurationList = D41AB99C2F654E900088038E /* Build configuration list for PBXProject "Memo" */;
			developmentRegion = en;
			hasScannedForEncodings = 0;
			knownRegions = (
				en,
				Base,
			);
			mainGroup = D41AB9982F654E900088038E;
			minimizedProjectReferenceProxies = 1;
			packageReferences = (
				714C12FF99C2F4E8FBFFB32F /* XCLocalSwiftPackageReference "Vendor/mlx-swift-lm" */,
			);
			preferredProjectObjectVersion = 77;
			productRefGroup = D41AB9A22F654E900088038E /* Products */;
			projectDirPath = "";
			projectRoot = "";
			targets = (
				D41AB9A02F654E900088038E /* Memo */,
				D41AB9B62F654E910088038E /* MemoTests */,
				D41AB9C02F654E910088038E /* MemoUITests */,
			);
		};
/* End PBXProject section */

/* Begin PBXResourcesBuildPhase section */
		D41AB99F2F654E900088038E /* Resources */ = {
			isa = PBXResourcesBuildPhase;
			buildActionMask = 2147483647;
			files = (
			);
			runOnlyForDeploymentPostprocessing = 0;
		};
		D41AB9B52F654E910088038E /* Resources */ = {
			isa = PBXResourcesBuildPhase;
			buildActionMask = 2147483647;
			files = (
			);
			runOnlyForDeploymentPostprocessing = 0;
		};
		D41AB9BF2F654E910088038E /* Resources */ = {
			isa = PBXResourcesBuildPhase;
			buildActionMask = 2147483647;
			files = (
			);
			runOnlyForDeploymentPostprocessing = 0;
		};
/* End PBXResourcesBuildPhase section */

/* Begin PBXShellScriptBuildPhase section */
		60EA7A6FFAF66E900FBEB854 /* [CP] Check Pods Manifest.lock */ = {
			isa = PBXShellScriptBuildPhase;
			buildActionMask = 2147483647;
			files = (
			);
			inputFileListPaths = (
			);
			inputPaths = (
				"${PODS_PODFILE_DIR_PATH}/Podfile.lock",
				"${PODS_ROOT}/Manifest.lock",
			);
			name = "[CP] Check Pods Manifest.lock";
			outputFileListPaths = (
			);
			outputPaths = (
				"$(DERIVED_FILE_DIR)/Pods-MemoUITests-checkManifestLockResult.txt",
			);
			runOnlyForDeploymentPostprocessing = 0;
			shellPath = /bin/sh;
			shellScript = "diff \"${PODS_PODFILE_DIR_PATH}/Podfile.lock\" \"${PODS_ROOT}/Manifest.lock\" > /dev/null\nif [ $? != 0 ] ; then\n    # print error to STDERR\n    echo \"error: The sandbox is not in sync with the Podfile.lock. Run 'pod install' or update your CocoaPods installation.\" >&2\n    exit 1\nfi\n# This output is used by Xcode 'outputs' to avoid re-running this script phase.\necho \"SUCCESS\" > \"${SCRIPT_OUTPUT_FILE_0}\"\n";
			showEnvVarsInLog = 0;
		};
		6DC755155CF50A0BDB1589B9 /* [CP] Copy Pods Resources */ = {
			isa = PBXShellScriptBuildPhase;
			buildActionMask = 2147483647;
			files = (
			);
			inputFileListPaths = (
				"${PODS_ROOT}/Target Support Files/Pods-Memo/Pods-Memo-resources-${CONFIGURATION}-input-files.xcfilelist",
			);
			name = "[CP] Copy Pods Resources";
			outputFileListPaths = (
				"${PODS_ROOT}/Target Support Files/Pods-Memo/Pods-Memo-resources-${CONFIGURATION}-output-files.xcfilelist",
			);
			runOnlyForDeploymentPostprocessing = 0;
			shellPath = /bin/sh;
			shellScript = "\"${PODS_ROOT}/Target Support Files/Pods-Memo/Pods-Memo-resources.sh\"\n";
			showEnvVarsInLog = 0;
		};
		A5CD3ECC231B390FA4272123 /* [CP] Check Pods Manifest.lock */ = {
			isa = PBXShellScriptBuildPhase;
			buildActionMask = 2147483647;
			files = (
			);
			inputFileListPaths = (
			);
			inputPaths = (
				"${PODS_PODFILE_DIR_PATH}/Podfile.lock",
				"${PODS_ROOT}/Manifest.lock",
			);
			name = "[CP] Check Pods Manifest.lock";
			outputFileListPaths = (
			);
			outputPaths = (
				"$(DERIVED_FILE_DIR)/Pods-MemoTests-checkManifestLockResult.txt",
			);
			runOnlyForDeploymentPostprocessing = 0;
			shellPath = /bin/sh;
			shellScript = "diff \"${PODS_PODFILE_DIR_PATH}/Podfile.lock\" \"${PODS_ROOT}/Manifest.lock\" > /dev/null\nif [ $? != 0 ] ; then\n    # print error to STDERR\n    echo \"error: The sandbox is not in sync with the Podfile.lock. Run 'pod install' or update your CocoaPods installation.\" >&2\n    exit 1\nfi\n# This output is used by Xcode 'outputs' to avoid re-running this script phase.\necho \"SUCCESS\" > \"${SCRIPT_OUTPUT_FILE_0}\"\n";
			showEnvVarsInLog = 0;
		};
		B59DC1D7DFE42C0F119365F5 /* [CP] Check Pods Manifest.lock */ = {
			isa = PBXShellScriptBuildPhase;
			buildActionMask = 2147483647;
			files = (
			);
			inputFileListPaths = (
			);
			inputPaths = (
				"${PODS_PODFILE_DIR_PATH}/Podfile.lock",
				"${PODS_ROOT}/Manifest.lock",
			);
			name = "[CP] Check Pods Manifest.lock";
			outputFileListPaths = (
			);
			outputPaths = (
				"$(DERIVED_FILE_DIR)/Pods-Memo-checkManifestLockResult.txt",
			);
			runOnlyForDeploymentPostprocessing = 0;
			shellPath = /bin/sh;
			shellScript = "diff \"${PODS_PODFILE_DIR_PATH}/Podfile.lock\" \"${PODS_ROOT}/Manifest.lock\" > /dev/null\nif [ $? != 0 ] ; then\n    # print error to STDERR\n    echo \"error: The sandbox is not in sync with the Podfile.lock. Run 'pod install' or update your CocoaPods installation.\" >&2\n    exit 1\nfi\n# This output is used by Xcode 'outputs' to avoid re-running this script phase.\necho \"SUCCESS\" > \"${SCRIPT_OUTPUT_FILE_0}\"\n";
			showEnvVarsInLog = 0;
		};
/* End PBXShellScriptBuildPhase section */

/* Begin PBXSourcesBuildPhase section */
		D41AB99D2F654E900088038E /* Sources */ = {
			isa = PBXSourcesBuildPhase;
			buildActionMask = 2147483647;
			files = (
			);
			runOnlyForDeploymentPostprocessing = 0;
		};
		D41AB9B32F654E910088038E /* Sources */ = {
			isa = PBXSourcesBuildPhase;
			buildActionMask = 2147483647;
			files = (
			);
			runOnlyForDeploymentPostprocessing = 0;
		};
		D41AB9BD2F654E910088038E /* Sources */ = {
			isa = PBXSourcesBuildPhase;
			buildActionMask = 2147483647;
			files = (
			);
			runOnlyForDeploymentPostprocessing = 0;
		};
/* End PBXSourcesBuildPhase section */

/* Begin PBXTargetDependency section */
		D41AB9B92F654E910088038E /* PBXTargetDependency */ = {
			isa = PBXTargetDependency;
			target = D41AB9A02F654E900088038E /* Memo */;
			targetProxy = D41AB9B82F654E910088038E /* PBXContainerItemProxy */;
		};
		D41AB9C32F654E910088038E /* PBXTargetDependency */ = {
			isa = PBXTargetDependency;
			target = D41AB9A02F654E900088038E /* Memo */;
			targetProxy = D41AB9C22F654E910088038E /* PBXContainerItemProxy */;
		};
/* End PBXTargetDependency section */

/* Begin XCBuildConfiguration section */
		D41AB9CB2F654E910088038E /* Debug */ = {
			isa = XCBuildConfiguration;
			baseConfigurationReference = 2CB8D8FA784A1E99E3E70626 /* Pods-Memo.debug.xcconfig */;
			buildSettings = {
				ASSETCATALOG_COMPILER_APPICON_NAME = AppIcon;
				ASSETCATALOG_COMPILER_GLOBAL_ACCENT_COLOR_NAME = AccentColor;
				CODE_SIGN_STYLE = Automatic;
				CURRENT_PROJECT_VERSION = 1;
				DEVELOPMENT_TEAM = UU544PXJQ5;
				GENERATE_INFOPLIST_FILE = YES;
				INFOPLIST_FILE = Memo/Info.plist;
				INFOPLIST_KEY_UIApplicationSupportsIndirectInputEvents = YES;
				INFOPLIST_KEY_UILaunchStoryboardName = LaunchScreen;
				INFOPLIST_KEY_UIMainStoryboardFile = Main;
				INFOPLIST_KEY_UISupportedInterfaceOrientations_iPad = "UIInterfaceOrientationPortrait UIInterfaceOrientationPortraitUpsideDown UIInterfaceOrientationLandscapeLeft UIInterfaceOrientationLandscapeRight";
				INFOPLIST_KEY_UISupportedInterfaceOrientations_iPhone = "UIInterfaceOrientationPortrait UIInterfaceOrientationLandscapeLeft UIInterfaceOrientationLandscapeRight";
				LD_RUNPATH_SEARCH_PATHS = (
					"$(inherited)",
					"@executable_path/Frameworks",
				);
				MARKETING_VERSION = 1.0;
				PRODUCT_BUNDLE_IDENTIFIER = ai.octopus.Memo;
				PRODUCT_NAME = "$(TARGET_NAME)";
				SUPPORTED_PLATFORMS = "iphoneos iphonesimulator";
				SUPPORTS_MACCATALYST = NO;
				SWIFT_EMIT_LOC_STRINGS = YES;
				SWIFT_VERSION = 5.0;
				TARGETED_DEVICE_FAMILY = 1;
			};
			name = Debug;
		};
		D41AB9CC2F654E910088038E /* Release */ = {
			isa = XCBuildConfiguration;
			baseConfigurationReference = 41B21AB71A2648C86319137A /* Pods-Memo.release.xcconfig */;
			buildSettings = {
				ASSETCATALOG_COMPILER_APPICON_NAME = AppIcon;
				ASSETCATALOG_COMPILER_GLOBAL_ACCENT_COLOR_NAME = AccentColor;
				CODE_SIGN_STYLE = Automatic;
				CURRENT_PROJECT_VERSION = 1;
				DEVELOPMENT_TEAM = UU544PXJQ5;
				GENERATE_INFOPLIST_FILE = YES;
				INFOPLIST_FILE = Memo/Info.plist;
				INFOPLIST_KEY_UIApplicationSupportsIndirectInputEvents = YES;
				INFOPLIST_KEY_UILaunchStoryboardName = LaunchScreen;
				INFOPLIST_KEY_UIMainStoryboardFile = Main;
				INFOPLIST_KEY_UISupportedInterfaceOrientations_iPad = "UIInterfaceOrientationPortrait UIInterfaceOrientationPortraitUpsideDown UIInterfaceOrientationLandscapeLeft UIInterfaceOrientationLandscapeRight";
				INFOPLIST_KEY_UISupportedInterfaceOrientations_iPhone = "UIInterfaceOrientationPortrait UIInterfaceOrientationLandscapeLeft UIInterfaceOrientationLandscapeRight";
				LD_RUNPATH_SEARCH_PATHS = (
					"$(inherited)",
					"@executable_path/Frameworks",
				);
				MARKETING_VERSION = 1.0;
				PRODUCT_BUNDLE_IDENTIFIER = ai.octopus.Memo;
				PRODUCT_NAME = "$(TARGET_NAME)";
				SUPPORTED_PLATFORMS = "iphoneos iphonesimulator";
				SUPPORTS_MACCATALYST = NO;
				SWIFT_EMIT_LOC_STRINGS = YES;
				SWIFT_VERSION = 5.0;
				TARGETED_DEVICE_FAMILY = 1;
			};
			name = Release;
		};
		D41AB9CD2F654E910088038E /* Debug */ = {
			isa = XCBuildConfiguration;
			buildSettings = {
				ALWAYS_SEARCH_USER_PATHS = NO;
				ASSETCATALOG_COMPILER_GENERATE_SWIFT_ASSET_SYMBOL_EXTENSIONS = YES;
				CLANG_ANALYZER_NONNULL = YES;
				CLANG_ANALYZER_NUMBER_OBJECT_CONVERSION = YES_AGGRESSIVE;
				CLANG_CXX_LANGUAGE_STANDARD = "gnu++20";
				CLANG_ENABLE_MODULES = YES;
				CLANG_ENABLE_OBJC_ARC = YES;
				CLANG_ENABLE_OBJC_WEAK = YES;
				CLANG_WARN_BLOCK_CAPTURE_AUTORELEASING = YES;
				CLANG_WARN_BOOL_CONVERSION = YES;
				CLANG_WARN_COMMA = YES;
				CLANG_WARN_CONSTANT_CONVERSION = YES;
				CLANG_WARN_DEPRECATED_OBJC_IMPLEMENTATIONS = YES;
				CLANG_WARN_DIRECT_OBJC_ISA_USAGE = YES_ERROR;
				CLANG_WARN_DOCUMENTATION_COMMENTS = YES;
				CLANG_WARN_EMPTY_BODY = YES;
				CLANG_WARN_ENUM_CONVERSION = YES;
				CLANG_WARN_INFINITE_RECURSION = YES;
				CLANG_WARN_INT_CONVERSION = YES;
				CLANG_WARN_NON_LITERAL_NULL_CONVERSION = YES;
				CLANG_WARN_OBJC_IMPLICIT_RETAIN_SELF = YES;
				CLANG_WARN_OBJC_LITERAL_CONVERSION = YES;
				CLANG_WARN_OBJC_ROOT_CLASS = YES_ERROR;
				CLANG_WARN_QUOTED_INCLUDE_IN_FRAMEWORK_HEADER = YES;
				CLANG_WARN_RANGE_LOOP_ANALYSIS = YES;
				CLANG_WARN_STRICT_PROTOTYPES = YES;
				CLANG_WARN_SUSPICIOUS_MOVE = YES;
				CLANG_WARN_UNGUARDED_AVAILABILITY = YES_AGGRESSIVE;
				CLANG_WARN_UNREACHABLE_CODE = YES;
				CLANG_WARN__DUPLICATE_METHOD_MATCH = YES;
				COPY_PHASE_STRIP = NO;
				DEBUG_INFORMATION_FORMAT = dwarf;
				ENABLE_STRICT_OBJC_MSGSEND = YES;
				ENABLE_TESTABILITY = YES;
				ENABLE_USER_SCRIPT_SANDBOXING = NO;
				GCC_C_LANGUAGE_STANDARD = gnu17;
				GCC_DYNAMIC_NO_PIC = NO;
				GCC_NO_COMMON_BLOCKS = YES;
				GCC_OPTIMIZATION_LEVEL = 0;
				GCC_PREPROCESSOR_DEFINITIONS = (
					"DEBUG=1",
					"$(inherited)",
				);
				GCC_WARN_64_TO_32_BIT_CONVERSION = YES;
				GCC_WARN_ABOUT_RETURN_TYPE = YES_ERROR;
				GCC_WARN_UNDECLARED_SELECTOR = YES;
				GCC_WARN_UNINITIALIZED_AUTOS = YES_AGGRESSIVE;
				GCC_WARN_UNUSED_FUNCTION = YES;
				GCC_WARN_UNUSED_VARIABLE = YES;
				IPHONEOS_DEPLOYMENT_TARGET = 18.2;
				LOCALIZATION_PREFERS_STRING_CATALOGS = YES;
				MTL_ENABLE_DEBUG_INFO = INCLUDE_SOURCE;
				MTL_FAST_MATH = YES;
				ONLY_ACTIVE_ARCH = YES;
				SDKROOT = iphoneos;
				SWIFT_ACTIVE_COMPILATION_CONDITIONS = "DEBUG $(inherited)";
				SWIFT_OPTIMIZATION_LEVEL = "-Onone";
			};
			name = Debug;
		};
		D41AB9CE2F654E910088038E /* Release */ = {
			isa = XCBuildConfiguration;
			buildSettings = {
				ALWAYS_SEARCH_USER_PATHS = NO;
				ASSETCATALOG_COMPILER_GENERATE_SWIFT_ASSET_SYMBOL_EXTENSIONS = YES;
				CLANG_ANALYZER_NONNULL = YES;
				CLANG_ANALYZER_NUMBER_OBJECT_CONVERSION = YES_AGGRESSIVE;
				CLANG_CXX_LANGUAGE_STANDARD = "gnu++20";
				CLANG_ENABLE_MODULES = YES;
				CLANG_ENABLE_OBJC_ARC = YES;
				CLANG_ENABLE_OBJC_WEAK = YES;
				CLANG_WARN_BLOCK_CAPTURE_AUTORELEASING = YES;
				CLANG_WARN_BOOL_CONVERSION = YES;
				CLANG_WARN_COMMA = YES;
				CLANG_WARN_CONSTANT_CONVERSION = YES;
				CLANG_WARN_DEPRECATED_OBJC_IMPLEMENTATIONS = YES;
				CLANG_WARN_DIRECT_OBJC_ISA_USAGE = YES_ERROR;
				CLANG_WARN_DOCUMENTATION_COMMENTS = YES;
				CLANG_WARN_EMPTY_BODY = YES;
				CLANG_WARN_ENUM_CONVERSION = YES;
				CLANG_WARN_INFINITE_RECURSION = YES;
				CLANG_WARN_INT_CONVERSION = YES;
				CLANG_WARN_NON_LITERAL_NULL_CONVERSION = YES;
				CLANG_WARN_OBJC_IMPLICIT_RETAIN_SELF = YES;
				CLANG_WARN_OBJC_LITERAL_CONVERSION = YES;
				CLANG_WARN_OBJC_ROOT_CLASS = YES_ERROR;
				CLANG_WARN_QUOTED_INCLUDE_IN_FRAMEWORK_HEADER = YES;
				CLANG_WARN_RANGE_LOOP_ANALYSIS = YES;
				CLANG_WARN_STRICT_PROTOTYPES = YES;
				CLANG_WARN_SUSPICIOUS_MOVE = YES;
				CLANG_WARN_UNGUARDED_AVAILABILITY = YES_AGGRESSIVE;
				CLANG_WARN_UNREACHABLE_CODE = YES;
				CLANG_WARN__DUPLICATE_METHOD_MATCH = YES;
				COPY_PHASE_STRIP = NO;
				DEBUG_INFORMATION_FORMAT = "dwarf-with-dsym";
				ENABLE_NS_ASSERTIONS = NO;
				ENABLE_STRICT_OBJC_MSGSEND = YES;
				ENABLE_USER_SCRIPT_SANDBOXING = NO;
				GCC_C_LANGUAGE_STANDARD = gnu17;
				GCC_NO_COMMON_BLOCKS = YES;
				GCC_WARN_64_TO_32_BIT_CONVERSION = YES;
				GCC_WARN_ABOUT_RETURN_TYPE = YES_ERROR;
				GCC_WARN_UNDECLARED_SELECTOR = YES;
				GCC_WARN_UNINITIALIZED_AUTOS = YES_AGGRESSIVE;
				GCC_WARN_UNUSED_FUNCTION = YES;
				GCC_WARN_UNUSED_VARIABLE = YES;
				IPHONEOS_DEPLOYMENT_TARGET = 18.2;
				LOCALIZATION_PREFERS_STRING_CATALOGS = YES;
				MTL_ENABLE_DEBUG_INFO = NO;
				MTL_FAST_MATH = YES;
				SDKROOT = iphoneos;
				SWIFT_COMPILATION_MODE = wholemodule;
				VALIDATE_PRODUCT = YES;
			};
			name = Release;
		};
		D41AB9D02F654E910088038E /* Debug */ = {
			isa = XCBuildConfiguration;
			baseConfigurationReference = 7D034886B413E336B88012CF /* Pods-MemoTests.debug.xcconfig */;
			buildSettings = {
				BUNDLE_LOADER = "$(TEST_HOST)";
				CODE_SIGN_STYLE = Automatic;
				CURRENT_PROJECT_VERSION = 1;
				DEVELOPMENT_TEAM = UU544PXJQ5;
				GENERATE_INFOPLIST_FILE = YES;
				IPHONEOS_DEPLOYMENT_TARGET = 18.2;
				MARKETING_VERSION = 1.0;
				PRODUCT_BUNDLE_IDENTIFIER = ai.octopus.MemoTests;
				PRODUCT_NAME = "$(TARGET_NAME)";
				SWIFT_EMIT_LOC_STRINGS = NO;
				SWIFT_VERSION = 5.0;
				TARGETED_DEVICE_FAMILY = "1,2";
				TEST_HOST = "$(BUILT_PRODUCTS_DIR)/Memo.app/$(BUNDLE_EXECUTABLE_FOLDER_PATH)/Memo";
			};
			name = Debug;
		};
		D41AB9D12F654E910088038E /* Release */ = {
			isa = XCBuildConfiguration;
			baseConfigurationReference = DC90DADB4827F6847AE274AA /* Pods-MemoTests.release.xcconfig */;
			buildSettings = {
				BUNDLE_LOADER = "$(TEST_HOST)";
				CODE_SIGN_STYLE = Automatic;
				CURRENT_PROJECT_VERSION = 1;
				DEVELOPMENT_TEAM = UU544PXJQ5;
				GENERATE_INFOPLIST_FILE = YES;
				IPHONEOS_DEPLOYMENT_TARGET = 18.2;
				MARKETING_VERSION = 1.0;
				PRODUCT_BUNDLE_IDENTIFIER = ai.octopus.MemoTests;
				PRODUCT_NAME = "$(TARGET_NAME)";
				SWIFT_EMIT_LOC_STRINGS = NO;
				SWIFT_VERSION = 5.0;
				TARGETED_DEVICE_FAMILY = "1,2";
				TEST_HOST = "$(BUILT_PRODUCTS_DIR)/Memo.app/$(BUNDLE_EXECUTABLE_FOLDER_PATH)/Memo";
			};
			name = Release;
		};
		D41AB9D32F654E910088038E /* Debug */ = {
			isa = XCBuildConfiguration;
			baseConfigurationReference = 8ACB2D24F77457F748101EAC /* Pods-MemoUITests.debug.xcconfig */;
			buildSettings = {
				CODE_SIGN_STYLE = Automatic;
				CURRENT_PROJECT_VERSION = 1;
				DEVELOPMENT_TEAM = UU544PXJQ5;
				GENERATE_INFOPLIST_FILE = YES;
				MARKETING_VERSION = 1.0;
				PRODUCT_BUNDLE_IDENTIFIER = ai.octopus.MemoUITests;
				PRODUCT_NAME = "$(TARGET_NAME)";
				SWIFT_EMIT_LOC_STRINGS = NO;
				SWIFT_VERSION = 5.0;
				TARGETED_DEVICE_FAMILY = "1,2";
				TEST_TARGET_NAME = Memo;
			};
			name = Debug;
		};
		D41AB9D42F654E910088038E /* Release */ = {
			isa = XCBuildConfiguration;
			baseConfigurationReference = 0D30DCF47E3B6A96AC66086A /* Pods-MemoUITests.release.xcconfig */;
			buildSettings = {
				CODE_SIGN_STYLE = Automatic;
				CURRENT_PROJECT_VERSION = 1;
				DEVELOPMENT_TEAM = UU544PXJQ5;
				GENERATE_INFOPLIST_FILE = YES;
				MARKETING_VERSION = 1.0;
				PRODUCT_BUNDLE_IDENTIFIER = ai.octopus.MemoUITests;
				PRODUCT_NAME = "$(TARGET_NAME)";
				SWIFT_EMIT_LOC_STRINGS = NO;
				SWIFT_VERSION = 5.0;
				TARGETED_DEVICE_FAMILY = "1,2";
				TEST_TARGET_NAME = Memo;
			};
			name = Release;
		};
/* End XCBuildConfiguration section */

/* Begin XCConfigurationList section */
		D41AB99C2F654E900088038E /* Build configuration list for PBXProject "Memo" */ = {
			isa = XCConfigurationList;
			buildConfigurations = (
				D41AB9CD2F654E910088038E /* Debug */,
				D41AB9CE2F654E910088038E /* Release */,
			);
			defaultConfigurationIsVisible = 0;
			defaultConfigurationName = Release;
		};
		D41AB9CA2F654E910088038E /* Build configuration list for PBXNativeTarget "Memo" */ = {
			isa = XCConfigurationList;
			buildConfigurations = (
				D41AB9CB2F654E910088038E /* Debug */,
				D41AB9CC2F654E910088038E /* Release */,
			);
			defaultConfigurationIsVisible = 0;
			defaultConfigurationName = Release;
		};
		D41AB9CF2F654E910088038E /* Build configuration list for PBXNativeTarget "MemoTests" */ = {
			isa = XCConfigurationList;
			buildConfigurations = (
				D41AB9D02F654E910088038E /* Debug */,
				D41AB9D12F654E910088038E /* Release */,
			);
			defaultConfigurationIsVisible = 0;
			defaultConfigurationName = Release;
		};
		D41AB9D22F654E910088038E /* Build configuration list for PBXNativeTarget "MemoUITests" */ = {
			isa = XCConfigurationList;
			buildConfigurations = (
				D41AB9D32F654E910088038E /* Debug */,
				D41AB9D42F654E910088038E /* Release */,
			);
			defaultConfigurationIsVisible = 0;
			defaultConfigurationName = Release;
		};
/* End XCConfigurationList section */

/* Begin XCLocalSwiftPackageReference section */
		714C12FF99C2F4E8FBFFB32F /* XCLocalSwiftPackageReference "Vendor/mlx-swift-lm" */ = {
			isa = XCLocalSwiftPackageReference;
			relativePath = "Vendor/mlx-swift-lm";
		};
/* End XCLocalSwiftPackageReference section */

/* Begin XCSwiftPackageProductDependency section */
		924BA479EDA7246571299F58 /* MLXVLM */ = {
			isa = XCSwiftPackageProductDependency;
			package = 714C12FF99C2F4E8FBFFB32F /* XCLocalSwiftPackageReference "Vendor/mlx-swift-lm" */;
			productName = MLXVLM;
		};
		C54F3FA94484FE962B11F598 /* MLXLMCommon */ = {
			isa = XCSwiftPackageProductDependency;
			package = 714C12FF99C2F4E8FBFFB32F /* XCLocalSwiftPackageReference "Vendor/mlx-swift-lm" */;
			productName = MLXLMCommon;
		};
/* End XCSwiftPackageProductDependency section */
	};
	rootObject = D41AB9992F654E900088038E /* Project object */;
}
